
Microsoft Visual Studio Solution File, Format Version 12.00
# Visual Studio 15
VisualStudioVersion = 15.0.27004.2002
MinimumVisualStudioVersion = 10.0.40219.1
Project("{9A19103F-16F7-4668-BE54-9A1E7A4F7556}") = "TestServerInMemoryDbPOC.Tests", "XUnitTestProject1\TestServerInMemoryDbPOC.Tests.csproj", "{8BB599DB-F331-4AE2-9F89-0305765035A9}"
EndProject
Project("{9A19103F-16F7-4668-BE54-9A1E7A4F7556}") = "TestServerInMemoryDbPOC", "TestServerPOC\TestServerInMemoryDbPOC.csproj", "{7E3C557C-947A-4F05-9414-3DB08D586B87}"
EndProject
Global
	GlobalSection(SolutionConfigurationPlatforms) = preSolution
		Debug|Any CPU = Debug|Any CPU
		Release|Any CPU = Release|Any CPU
	EndGlobalSection
	GlobalSection(ProjectConfigurationPlatforms) = postSolution
		{8BB599DB-F331-4AE2-9F89-0305765035A9}.Debug|Any CPU.ActiveCfg = Debug|Any CPU
		{8BB599DB-F331-4AE2-9F89-0305765035A9}.Debug|Any CPU.Build.0 = Debug|Any CPU
		{8BB599DB-F331-4AE2-9F89-0305765035A9}.Release|Any CPU.ActiveCfg = Release|Any CPU
		{8BB599DB-F331-4AE2-9F89-0305765035A9}.Release|Any CPU.Build.0 = Release|Any CPU
		{7E3C557C-947A-4F05-9414-3DB08D586B87}.Debug|Any CPU.ActiveCfg = Debug|Any CPU
		{7E3C557C-947A-4F05-9414-3DB08D586B87}.Debug|Any CPU.Build.0 = Debug|Any CPU
		{7E3C557C-947A-4F05-9414-3DB08D586B87}.Release|Any CPU.ActiveCfg = Release|Any CPU
		{7E3C557C-947A-4F05-9414-3DB08D586B87}.Release|Any CPU.Build.0 = Release|Any CPU
	EndGlobalSection
	GlobalSection(SolutionProperties) = preSolution
		HideSolutionNode = FALSE
	EndGlobalSection
	GlobalSection(ExtensibilityGlobals) = postSolution
		SolutionGuid = {2B7D3074-4AD8-4D33-96E1-18E4497E14ED}
	EndGlobalSection
EndGlobal
